<?xml version="1.0" encoding="utf-8"?>
<Project ToolsVersion="4.0" xmlns="http://schemas.microsoft.com/developer/msbuild/2003">
  <ItemGroup>
    <ClCompile Include="..\..\src\Examples.cpp">
      <Filter>src</Filter>
    </ClCompile>
    <ClCompile Include="..\..\src\stdafx.cpp">
      <Filter>src</Filter>
    </ClCompile>
  </ItemGroup>
  <ItemGroup>
    <ClInclude Include="..\..\src\BasexClient.h">
      <Filter>src</Filter>
    </ClInclude>
    <ClInclude Include="..\..\src\BaseXInterface.h">
      <Filter>src</Filter>
    </ClInclude>
    <ClInclude Include="..\..\src\config.h">
      <Filter>src</Filter>
    </ClInclude>
    <ClInclude Include="..\..\src\md5.h">
      <Filter>src</Filter>
    </ClInclude>
    <ClInclude Include="..\..\src\stdafx.h">
      <Filter>src</Filter>
    </ClInclude>
    <ClInclude Include="..\..\src\XMLInterface.h">
      <Filter>src</Filter>
    </ClInclude>
  </ItemGroup>
  <ItemGroup>
    <Filter Include="src">
      <UniqueIdentifier>{a661a480-1fb0-41cb-95f8-2570858aaa3e}</UniqueIdentifier>
    </Filter>
  </ItemGroup>
</Project>